
Microsoft Visual Studio Solution File, Format Version 12.00
# Visual Studio Version 17
VisualStudioVersion = 17.7.34024.191
MinimumVisualStudioVersion = 10.0.40219.1
Project("{FAE04EC0-301F-11D3-BF4B-00C04F79EFBC}") = "Lab1Library", "Lab1Library\Lab1Library.csproj", "{1243BEB6-13D3-4943-84D5-0D13892C625A}"
EndProject
Project("{FAE04EC0-301F-11D3-BF4B-00C04F79EFBC}") = "Lab1WPF", "Lab1WPF\Lab1WPF.csproj", "{EA78786F-E550-4F8E-B9D5-9D32CF60F791}"
EndProject
Project("{FAE04EC0-301F-11D3-BF4B-00C04F79EFBC}") = "Lab1Console", "Lab1Console\Lab1Console.csproj", "{A024CF1E-49F3-491B-90DD-F54DF08E8794}"
EndProject
Global
	GlobalSection(SolutionConfigurationPlatforms) = preSolution
		Debug|Any CPU = Debug|Any CPU
		Release|Any CPU = Release|Any CPU
	EndGlobalSection
	GlobalSection(ProjectConfigurationPlatforms) = postSolution
		{1243BEB6-13D3-4943-84D5-0D13892C625A}.Debug|Any CPU.ActiveCfg = Debug|Any CPU
		{1243BEB6-13D3-4943-84D5-0D13892C625A}.Debug|Any CPU.Build.0 = Debug|Any CPU
		{1243BEB6-13D3-4943-84D5-0D13892C625A}.Release|Any CPU.ActiveCfg = Release|Any CPU
		{1243BEB6-13D3-4943-84D5-0D13892C625A}.Release|Any CPU.Build.0 = Release|Any CPU
		{EA78786F-E550-4F8E-B9D5-9D32CF60F791}.Debug|Any CPU.ActiveCfg = Debug|Any CPU
		{EA78786F-E550-4F8E-B9D5-9D32CF60F791}.Debug|Any CPU.Build.0 = Debug|Any CPU
		{EA78786F-E550-4F8E-B9D5-9D32CF60F791}.Release|Any CPU.ActiveCfg = Release|Any CPU
		{EA78786F-E550-4F8E-B9D5-9D32CF60F791}.Release|Any CPU.Build.0 = Release|Any CPU
		{A024CF1E-49F3-491B-90DD-F54DF08E8794}.Debug|Any CPU.ActiveCfg = Debug|Any CPU
		{A024CF1E-49F3-491B-90DD-F54DF08E8794}.Debug|Any CPU.Build.0 = Debug|Any CPU
		{A024CF1E-49F3-491B-90DD-F54DF08E8794}.Release|Any CPU.ActiveCfg = Release|Any CPU
		{A024CF1E-49F3-491B-90DD-F54DF08E8794}.Release|Any CPU.Build.0 = Release|Any CPU
	EndGlobalSection
	GlobalSection(SolutionProperties) = preSolution
		HideSolutionNode = FALSE
	EndGlobalSection
	GlobalSection(ExtensibilityGlobals) = postSolution
		SolutionGuid = {089D1F18-EDFC-48A1-BFEC-854694089286}
	EndGlobalSection
EndGlobal
